// !$*UTF8*$!
{
	archiveVersion = 1;
	classes = {
	};
	objectVersion = 46;
	objects = {

/* Begin PBXBuildFile section */
		5A8F094F1B0CF4BD0048E445 /* AppDelegate.swift in Sources */ = {isa = PBXBuildFile; fileRef = 5A8F094E1B0CF4BD0048E445 /* AppDelegate.swift */; };
		5A8F09511B0CF4BD0048E445 /* ViewController.swift in Sources */ = {isa = PBXBuildFile; fileRef = 5A8F09501B0CF4BD0048E445 /* ViewController.swift */; };
		5A8F09541B0CF4BD0048E445 /* Main.storyboard in Resources */ = {isa = PBXBuildFile; fileRef = 5A8F09521B0CF4BD0048E445 /* Main.storyboard */; };
		5A8F09561B0CF4BD0048E445 /* Images.xcassets in Resources */ = {isa = PBXBuildFile; fileRef = 5A8F09551B0CF4BD0048E445 /* Images.xcassets */; };
		5A8F09591B0CF4BD0048E445 /* LaunchScreen.xib in Resources */ = {isa = PBXBuildFile; fileRef = 5A8F09571B0CF4BD0048E445 /* LaunchScreen.xib */; };
		5A8F09651B0CF4BD0048E445 /* CounterTImerTests.swift in Sources */ = {isa = PBXBuildFile; fileRef = 5A8F09641B0CF4BD0048E445 /* CounterTImerTests.swift */; };
/* End PBXBuildFile section */

/* Begin PBXContainerItemProxy section */
		5A8F095F1B0CF4BD0048E445 /* PBXContainerItemProxy */ = {
			isa = PBXContainerItemProxy;
			containerPortal = 5A8F09411B0CF4BD0048E445 /* Project object */;
			proxyType = 1;
			remoteGlobalIDString = 5A8F09481B0CF4BD0048E445;
			remoteInfo = CounterTImer;
		};
/* End PBXContainerItemProxy section */

/* Begin PBXFileReference section */
		5A8F09491B0CF4BD0048E445 /* CounterTImer.app */ = {isa = PBXFileReference; explicitFileType = wrapper.application; includeInIndex = 0; path = CounterTImer.app; sourceTree = BUILT_PRODUCTS_DIR; };
		5A8F094D1B0CF4BD0048E445 /* Info.plist */ = {isa = PBXFileReference; lastKnownFileType = text.plist.xml; path = Info.plist; sourceTree = "<group>"; };
		5A8F094E1B0CF4BD0048E445 /* AppDelegate.swift */ = {isa = PBXFileReference; lastKnownFileType = sourcecode.swift; path = AppDelegate.swift; sourceTree = "<group>"; };
		5A8F09501B0CF4BD0048E445 /* ViewController.swift */ = {isa = PBXFileReference; lastKnownFileType = sourcecode.swift; path = ViewController.swift; sourceTree = "<group>"; };
		5A8F09531B0CF4BD0048E445 /* Base */ = {isa = PBXFileReference; lastKnownFileType = file.storyboard; name = Base; path = Base.lproj/Main.storyboard; sourceTree = "<group>"; };
		5A8F09551B0CF4BD0048E445 /* Images.xcassets */ = {isa = PBXFileReference; lastKnownFileType = folder.assetcatalog; path = Images.xcassets; sourceTree = "<group>"; };
		5A8F09581B0CF4BD0048E445 /* Base */ = {isa = PBXFileReference; lastKnownFileType = file.xib; name = Base; path = Base.lproj/LaunchScreen.xib; sourceTree = "<group>"; };
		5A8F095E1B0CF4BD0048E445 /* CounterTImerTests.xctest */ = {isa = PBXFileReference; explicitFileType = wrapper.cfbundle; includeInIndex = 0; path = CounterTImerTests.xctest; sourceTree = BUILT_PRODUCTS_DIR; };
		5A8F09631B0CF4BD0048E445 /* Info.plist */ = {isa = PBXFileReference; lastKnownFileType = text.plist.xml; path = Info.plist; sourceTree = "<group>"; };
		5A8F09641B0CF4BD0048E445 /* CounterTImerTests.swift */ = {isa = PBXFileReference; lastKnownFileType = sourcecode.swift; path = CounterTImerTests.swift; sourceTree = "<group>"; };
/* End PBXFileReference section */

/* Begin PBXFrameworksBuildPhase section */
		5A8F09461B0CF4BD0048E445 /* Frameworks */ = {
			isa = PBXFrameworksBuildPhase;
			buildActionMask = 2147483647;
			files = (
			);
			runOnlyForDeploymentPostprocessing = 0;
		};
		5A8F095B1B0CF4BD0048E445 /* Frameworks */ = {
			isa = PBXFrameworksBuildPhase;
			buildActionMask = 2147483647;
			files = (
			);
			runOnlyForDeploymentPostprocessing = 0;
		};
/* End PBXFrameworksBuildPhase section */

/* Begin PBXGroup section */
		5A8F09401B0CF4BD0048E445 = {
			isa = PBXGroup;
			children = (
				5A8F094B1B0CF4BD0048E445 /* CounterTImer */,
				5A8F09611B0CF4BD0048E445 /* CounterTImerTests */,
				5A8F094A1B0CF4BD0048E445 /* Products */,
			);
			sourceTree = "<group>";
		};
		5A8F094A1B0CF4BD0048E445 /* Products */ = {
			isa = PBXGroup;
			children = (
				5A8F09491B0CF4BD0048E445 /* CounterTImer.app */,
				5A8F095E1B0CF4BD0048E445 /* CounterTImerTests.xctest */,
			);
			name = Products;
			sourceTree = "<group>";
		};
		5A8F094B1B0CF4BD0048E445 /* CounterTImer */ = {
			isa = PBXGroup;
			children = (
				5A8F094E1B0CF4BD0048E445 /* AppDelegate.swift */,
				5A8F09501B0CF4BD0048E445 /* ViewController.swift */,
				5A8F09521B0CF4BD0048E445 /* Main.storyboard */,
				5A8F09551B0CF4BD0048E445 /* Images.xcassets */,
				5A8F09571B0CF4BD0048E445 /* LaunchScreen.xib */,
				5A8F094C1B0CF4BD0048E445 /* Supporting Files */,
			);
			path = CounterTImer;
			sourceTree = "<group>";
		};
		5A8F094C1B0CF4BD0048E445 /* Supporting Files */ = {
			isa = PBXGroup;
			children = (
				5A8F094D1B0CF4BD0048E445 /* Info.plist */,
			);
			name = "Supporting Files";
			sourceTree = "<group>";
		};
		5A8F09611B0CF4BD0048E445 /* CounterTImerTests */ = {
			isa = PBXGroup;
			children = (
				5A8F09641B0CF4BD0048E445 /* CounterTImerTests.swift */,
				5A8F09621B0CF4BD0048E445 /* Supporting Files */,
			);
			path = CounterTImerTests;
			sourceTree = "<group>";
		};
		5A8F09621B0CF4BD0048E445 /* Supporting Files */ = {
			isa = PBXGroup;
			children = (
				5A8F09631B0CF4BD0048E445 /* Info.plist */,
			);
			name = "Supporting Files";
			sourceTree = "<group>";
		};
/* End PBXGroup section */

/* Begin PBXNativeTarget section */
		5A8F09481B0CF4BD0048E445 /* CounterTImer */ = {
			isa = PBXNativeTarget;
			buildConfigurationList = 5A8F09681B0CF4BD0048E445 /* Build configuration list for PBXNativeTarget "CounterTImer" */;
			buildPhases = (
				5A8F09451B0CF4BD0048E445 /* Sources */,
				5A8F09461B0CF4BD0048E445 /* Frameworks */,
				5A8F09471B0CF4BD0048E445 /* Resources */,
			);
			buildRules = (
			);
			dependencies = (
			);
			name = CounterTImer;
			productName = CounterTImer;
			productReference = 5A8F09491B0CF4BD0048E445 /* CounterTImer.app */;
			productType = "com.apple.product-type.application";
		};
		5A8F095D1B0CF4BD0048E445 /* CounterTImerTests */ = {
			isa = PBXNativeTarget;
			buildConfigurationList = 5A8F096B1B0CF4BD0048E445 /* Build configuration list for PBXNativeTarget "CounterTImerTests" */;
			buildPhases = (
				5A8F095A1B0CF4BD0048E445 /* Sources */,
				5A8F095B1B0CF4BD0048E445 /* Frameworks */,
				5A8F095C1B0CF4BD0048E445 /* Resources */,
			);
			buildRules = (
			);
			dependencies = (
				5A8F09601B0CF4BD0048E445 /* PBXTargetDependency */,
			);
			name = CounterTImerTests;
			productName = CounterTImerTests;
			productReference = 5A8F095E1B0CF4BD0048E445 /* CounterTImerTests.xctest */;
			productType = "com.apple.product-type.bundle.unit-test";
		};
/* End PBXNativeTarget section */

/* Begin PBXProject section */
		5A8F09411B0CF4BD0048E445 /* Project object */ = {
			isa = PBXProject;
			attributes = {
				LastUpgradeCheck = 0630;
				ORGANIZATIONNAME = "Thota, Surendra Babu";
				TargetAttributes = {
					5A8F09481B0CF4BD0048E445 = {
						CreatedOnToolsVersion = 6.3;
					};
					5A8F095D1B0CF4BD0048E445 = {
						CreatedOnToolsVersion = 6.3;
						TestTargetID = 5A8F09481B0CF4BD0048E445;
					};
				};
			};
			buildConfigurationList = 5A8F09441B0CF4BD0048E445 /* Build configuration list for PBXProject "CounterTImer" */;
			compatibilityVersion = "Xcode 3.2";
			developmentRegion = English;
			hasScannedForEncodings = 0;
			knownRegions = (
				en,
				Base,
			);
			mainGroup = 5A8F09401B0CF4BD0048E445;
			productRefGroup = 5A8F094A1B0CF4BD0048E445 /* Products */;
			projectDirPath = "";
			projectRoot = "";
			targets = (
				5A8F09481B0CF4BD0048E445 /* CounterTImer */,
				5A8F095D1B0CF4BD0048E445 /* CounterTImerTests */,
			);
		};
/* End PBXProject section */

/* Begin PBXResourcesBuildPhase section */
		5A8F09471B0CF4BD0048E445 /* Resources */ = {
			isa = PBXResourcesBuildPhase;
			buildActionMask = 2147483647;
			files = (
				5A8F09541B0CF4BD0048E445 /* Main.storyboard in Resources */,
				5A8F09591B0CF4BD0048E445 /* LaunchScreen.xib in Resources */,
				5A8F09561B0CF4BD0048E445 /* Images.xcassets in Resources */,
			);
			runOnlyForDeploymentPostprocessing = 0;
		};
		5A8F095C1B0CF4BD0048E445 /* Resources */ = {
			isa = PBXResourcesBuildPhase;
			buildActionMask = 2147483647;
			files = (
			);
			runOnlyForDeploymentPostprocessing = 0;
		};
/* End PBXResourcesBuildPhase section */

/* Begin PBXSourcesBuildPhase section */
		5A8F09451B0CF4BD0048E445 /* Sources */ = {
			isa = PBXSourcesBuildPhase;
			buildActionMask = 2147483647;
			files = (
				5A8F09511B0CF4BD0048E445 /* ViewController.swift in Sources */,
				5A8F094F1B0CF4BD0048E445 /* AppDelegate.swift in Sources */,
			);
			runOnlyForDeploymentPostprocessing = 0;
		};
		5A8F095A1B0CF4BD0048E445 /* Sources */ = {
			isa = PBXSourcesBuildPhase;
			buildActionMask = 2147483647;
			files = (
				5A8F09651B0CF4BD0048E445 /* CounterTImerTests.swift in Sources */,
			);
			runOnlyForDeploymentPostprocessing = 0;
		};
/* End PBXSourcesBuildPhase section */

/* Begin PBXTargetDependency section */
		5A8F09601B0CF4BD0048E445 /* PBXTargetDependency */ = {
			isa = PBXTargetDependency;
			target = 5A8F09481B0CF4BD0048E445 /* CounterTImer */;
			targetProxy = 5A8F095F1B0CF4BD0048E445 /* PBXContainerItemProxy */;
		};
/* End PBXTargetDependency section */

/* Begin PBXVariantGroup section */
		5A8F09521B0CF4BD0048E445 /* Main.storyboard */ = {
			isa = PBXVariantGroup;
			children = (
				5A8F09531B0CF4BD0048E445 /* Base */,
			);
			name = Main.storyboard;
			sourceTree = "<group>";
		};
		5A8F09571B0CF4BD0048E445 /* LaunchScreen.xib */ = {
			isa = PBXVariantGroup;
			children = (
				5A8F09581B0CF4BD0048E445 /* Base */,
			);
			name = LaunchScreen.xib;
			sourceTree = "<group>";
		};
/* End PBXVariantGroup section */

/* Begin XCBuildConfiguration section */
		5A8F09661B0CF4BD0048E445 /* Debug */ = {
			isa = XCBuildConfiguration;
			buildSettings = {
				ALWAYS_SEARCH_USER_PATHS = NO;
				CLANG_CXX_LANGUAGE_STANDARD = "gnu++0x";
				CLANG_CXX_LIBRARY = "libc++";
				CLANG_ENABLE_MODULES = YES;
				CLANG_ENABLE_OBJC_ARC = YES;
				CLANG_WARN_BOOL_CONVERSION = YES;
				CLANG_WARN_CONSTANT_CONVERSION = YES;
				CLANG_WARN_DIRECT_OBJC_ISA_USAGE = YES_ERROR;
				CLANG_WARN_EMPTY_BODY = YES;
				CLANG_WARN_ENUM_CONVERSION = YES;
				CLANG_WARN_INT_CONVERSION = YES;
				CLANG_WARN_OBJC_ROOT_CLASS = YES_ERROR;
				CLANG_WARN_UNREACHABLE_CODE = YES;
				CLANG_WARN__DUPLICATE_METHOD_MATCH = YES;
				"CODE_SIGN_IDENTITY[sdk=iphoneos*]" = "iPhone Developer";
				COPY_PHASE_STRIP = NO;
				DEBUG_INFORMATION_FORMAT = "dwarf-with-dsym";
				ENABLE_STRICT_OBJC_MSGSEND = YES;
				GCC_C_LANGUAGE_STANDARD = gnu99;
				GCC_DYNAMIC_NO_PIC = NO;
				GCC_NO_COMMON_BLOCKS = YES;
				GCC_OPTIMIZATION_LEVEL = 0;
				GCC_PREPROCESSOR_DEFINITIONS = (
					"DEBUG=1",
					"$(inherited)",
				);
				GCC_SYMBOLS_PRIVATE_EXTERN = NO;
				GCC_WARN_64_TO_32_BIT_CONVERSION = YES;
				GCC_WARN_ABOUT_RETURN_TYPE = YES_ERROR;
				GCC_WARN_UNDECLARED_SELECTOR = YES;
				GCC_WARN_UNINITIALIZED_AUTOS = YES_AGGRESSIVE;
				GCC_WARN_UNUSED_FUNCTION = YES;
				GCC_WARN_UNUSED_VARIABLE = YES;
				IPHONEOS_DEPLOYMENT_TARGET = 8.3;
				MTL_ENABLE_DEBUG_INFO = YES;
				ONLY_ACTIVE_ARCH = YES;
				SDKROOT = iphoneos;
				SWIFT_OPTIMIZATION_LEVEL = "-Onone";
			};
			name = Debug;
		};
		5A8F09671B0CF4BD0048E445 /* Release */ = {
			isa = XCBuildConfiguration;
			buildSettings = {
				ALWAYS_SEARCH_USER_PATHS = NO;
				CLANG_CXX_LANGUAGE_STANDARD = "gnu++0x";
				CLANG_CXX_LIBRARY = "libc++";
				CLANG_ENABLE_MODULES = YES;
				CLANG_ENABLE_OBJC_ARC = YES;
				CLANG_WARN_BOOL_CONVERSION = YES;
				CLANG_WARN_CONSTANT_CONVERSION = YES;
				CLANG_WARN_DIRECT_OBJC_ISA_USAGE = YES_ERROR;
				CLANG_WARN_EMPTY_BODY = YES;
				CLANG_WARN_ENUM_CONVERSION = YES;
				CLANG_WARN_INT_CONVERSION = YES;
				CLANG_WARN_OBJC_ROOT_CLASS = YES_ERROR;
				CLANG_WARN_UNREACHABLE_CODE = YES;
				CLANG_WARN__DUPLICATE_METHOD_MATCH = YES;
				"CODE_SIGN_IDENTITY[sdk=iphoneos*]" = "iPhone Developer";
				COPY_PHASE_STRIP = NO;
				DEBUG_INFORMATION_FORMAT = "dwarf-with-dsym";
				ENABLE_NS_ASSERTIONS = NO;
				ENABLE_STRICT_OBJC_MSGSEND = YES;
				GCC_C_LANGUAGE_STANDARD = gnu99;
				GCC_NO_COMMON_BLOCKS = YES;
				GCC_WARN_64_TO_32_BIT_CONVERSION = YES;
				GCC_WARN_ABOUT_RETURN_TYPE = YES_ERROR;
				GCC_WARN_UNDECLARED_SELECTOR = YES;
				GCC_WARN_UNINITIALIZED_AUTOS = YES_AGGRESSIVE;
				GCC_WARN_UNUSED_FUNCTION = YES;
				GCC_WARN_UNUSED_VARIABLE = YES;
				IPHONEOS_DEPLOYMENT_TARGET = 8.3;
				MTL_ENABLE_DEBUG_INFO = NO;
				SDKROOT = iphoneos;
				VALIDATE_PRODUCT = YES;
			};
			name = Release;
		};
		5A8F09691B0CF4BD0048E445 /* Debug */ = {
			isa = XCBuildConfiguration;
			buildSettings = {
				ASSETCATALOG_COMPILER_APPICON_NAME = AppIcon;
				INFOPLIST_FILE = CounterTImer/Info.plist;
				LD_RUNPATH_SEARCH_PATHS = "$(inherited) @executable_path/Frameworks";
				PRODUCT_NAME = "$(TARGET_NAME)";
			};
			name = Debug;
		};
		5A8F096A1B0CF4BD0048E445 /* Release */ = {
			isa = XCBuildConfiguration;
			buildSettings = {
				ASSETCATALOG_COMPILER_APPICON_NAME = AppIcon;
				INFOPLIST_FILE = CounterTImer/Info.plist;
				LD_RUNPATH_SEARCH_PATHS = "$(inherited) @executable_path/Frameworks";
				PRODUCT_NAME = "$(TARGET_NAME)";
			};
			name = Release;
		};
		5A8F096C1B0CF4BD0048E445 /* Debug */ = {
			isa = XCBuildConfiguration;
			buildSettings = {
				BUNDLE_LOADER = "$(TEST_HOST)";
				FRAMEWORK_SEARCH_PATHS = (
					"$(SDKROOT)/Developer/Library/Frameworks",
					"$(inherited)",
				);
				GCC_PREPROCESSOR_DEFINITIONS = (
					"DEBUG=1",
					"$(inherited)",
				);
				INFOPLIST_FILE = CounterTImerTests/Info.plist;
				LD_RUNPATH_SEARCH_PATHS = "$(inherited) @executable_path/Frameworks @loader_path/Frameworks";
				PRODUCT_NAME = "$(TARGET_NAME)";
				TEST_HOST = "$(BUILT_PRODUCTS_DIR)/CounterTImer.app/CounterTImer";
			};
			name = Debug;
		};
		5A8F096D1B0CF4BD0048E445 /* Release */ = {
			isa = XCBuildConfiguration;
			buildSettings = {
				BUNDLE_LOADER = "$(TEST_HOST)";
				FRAMEWORK_SEARCH_PATHS = (
					"$(SDKROOT)/Developer/Library/Frameworks",
					"$(inherited)",
				);
				INFOPLIST_FILE = CounterTImerTests/Info.plist;
				LD_RUNPATH_SEARCH_PATHS = "$(inherited) @executable_path/Frameworks @loader_path/Frameworks";
				PRODUCT_NAME = "$(TARGET_NAME)";
				TEST_HOST = "$(BUILT_PRODUCTS_DIR)/CounterTImer.app/CounterTImer";
			};
			name = Release;
		};
/* End XCBuildConfiguration section */

/* Begin XCConfigurationList section */
		5A8F09441B0CF4BD0048E445 /* Build configuration list for PBXProject "CounterTImer" */ = {
			isa = XCConfigurationList;
			buildConfigurations = (
				5A8F09661B0CF4BD0048E445 /* Debug */,
				5A8F09671B0CF4BD0048E445 /* Release */,
			);
			defaultConfigurationIsVisible = 0;
			defaultConfigurationName = Release;
		};
		5A8F09681B0CF4BD0048E445 /* Build configuration list for PBXNativeTarget "CounterTImer" */ = {
			isa = XCConfigurationList;
			buildConfigurations = (
				5A8F09691B0CF4BD0048E445 /* Debug */,
				5A8F096A1B0CF4BD0048E445 /* Release */,
			);
			defaultConfigurationIsVisible = 0;
		};
		5A8F096B1B0CF4BD0048E445 /* Build configuration list for PBXNativeTarget "CounterTImerTests" */ = {
			isa = XCConfigurationList;
			buildConfigurations = (
				5A8F096C1B0CF4BD0048E445 /* Debug */,
				5A8F096D1B0CF4BD0048E445 /* Release */,
			);
			defaultConfigurationIsVisible = 0;
		};
/* End XCConfigurationList section */
	};
	rootObject = 5A8F09411B0CF4BD0048E445 /* Project object */;
}
